
Microsoft Visual Studio Solution File, Format Version 12.00
# Visual Studio Version 17
VisualStudioVersion = 17.4.33103.184
MinimumVisualStudioVersion = 10.0.40219.1
Project("{FAE04EC0-301F-11D3-BF4B-00C04F79EFBC}") = "Hangm", "Hangm\Hangm.csproj", "{4663444E-F19D-49B7-8B3F-7E76E1A5E9D7}"
EndProject
Global
	GlobalSection(SolutionConfigurationPlatforms) = preSolution
		Debug|Any CPU = Debug|Any CPU
		Release|Any CPU = Release|Any CPU
	EndGlobalSection
	GlobalSection(ProjectConfigurationPlatforms) = postSolution
		{4663444E-F19D-49B7-8B3F-7E76E1A5E9D7}.Debug|Any CPU.ActiveCfg = Debug|Any CPU
		{4663444E-F19D-49B7-8B3F-7E76E1A5E9D7}.Debug|Any CPU.Build.0 = Debug|Any CPU
		{4663444E-F19D-49B7-8B3F-7E76E1A5E9D7}.Release|Any CPU.ActiveCfg = Release|Any CPU
		{4663444E-F19D-49B7-8B3F-7E76E1A5E9D7}.Release|Any CPU.Build.0 = Release|Any CPU
	EndGlobalSection
	GlobalSection(SolutionProperties) = preSolution
		HideSolutionNode = FALSE
	EndGlobalSection
	GlobalSection(ExtensibilityGlobals) = postSolution
		SolutionGuid = {96983149-A07B-4F7C-9427-7878D8679270}
	EndGlobalSection
EndGlobal
