
Microsoft Visual Studio Solution File, Format Version 12.00
# Visual Studio Version 17
VisualStudioVersion = 17.4.33103.184
MinimumVisualStudioVersion = 10.0.40219.1
Project("{FAE04EC0-301F-11D3-BF4B-00C04F79EFBC}") = "Hangman3", "Hangman3\Hangman3.csproj", "{B718846E-C1AD-4E79-AB37-80C925DE6A2A}"
EndProject
Global
	GlobalSection(SolutionConfigurationPlatforms) = preSolution
		Debug|Any CPU = Debug|Any CPU
		Release|Any CPU = Release|Any CPU
	EndGlobalSection
	GlobalSection(ProjectConfigurationPlatforms) = postSolution
		{B718846E-C1AD-4E79-AB37-80C925DE6A2A}.Debug|Any CPU.ActiveCfg = Debug|Any CPU
		{B718846E-C1AD-4E79-AB37-80C925DE6A2A}.Debug|Any CPU.Build.0 = Debug|Any CPU
		{B718846E-C1AD-4E79-AB37-80C925DE6A2A}.Release|Any CPU.ActiveCfg = Release|Any CPU
		{B718846E-C1AD-4E79-AB37-80C925DE6A2A}.Release|Any CPU.Build.0 = Release|Any CPU
	EndGlobalSection
	GlobalSection(SolutionProperties) = preSolution
		HideSolutionNode = FALSE
	EndGlobalSection
	GlobalSection(ExtensibilityGlobals) = postSolution
		SolutionGuid = {668AD261-A2BB-4123-9092-90A9391D29A2}
	EndGlobalSection
EndGlobal
