
Microsoft Visual Studio Solution File, Format Version 12.00
# Visual Studio Version 17
VisualStudioVersion = 17.4.33103.184
MinimumVisualStudioVersion = 10.0.40219.1
Project("{FAE04EC0-301F-11D3-BF4B-00C04F79EFBC}") = "Drawing", "Drawing\Drawing.csproj", "{BE0C69FE-3994-443B-889A-2DEE1281836D}"
EndProject
Global
	GlobalSection(SolutionConfigurationPlatforms) = preSolution
		Debug|Any CPU = Debug|Any CPU
		Release|Any CPU = Release|Any CPU
	EndGlobalSection
	GlobalSection(ProjectConfigurationPlatforms) = postSolution
		{BE0C69FE-3994-443B-889A-2DEE1281836D}.Debug|Any CPU.ActiveCfg = Debug|Any CPU
		{BE0C69FE-3994-443B-889A-2DEE1281836D}.Debug|Any CPU.Build.0 = Debug|Any CPU
		{BE0C69FE-3994-443B-889A-2DEE1281836D}.Release|Any CPU.ActiveCfg = Release|Any CPU
		{BE0C69FE-3994-443B-889A-2DEE1281836D}.Release|Any CPU.Build.0 = Release|Any CPU
	EndGlobalSection
	GlobalSection(SolutionProperties) = preSolution
		HideSolutionNode = FALSE
	EndGlobalSection
	GlobalSection(ExtensibilityGlobals) = postSolution
		SolutionGuid = {352E80D5-7DA5-446A-942C-4D5754F7F133}
	EndGlobalSection
EndGlobal
