
Microsoft Visual Studio Solution File, Format Version 12.00
# Visual Studio Version 17
VisualStudioVersion = 17.4.33103.184
MinimumVisualStudioVersion = 10.0.40219.1
Project("{FAE04EC0-301F-11D3-BF4B-00C04F79EFBC}") = "VegetableDATA", "VegetableDATA\VegetableDATA.csproj", "{CE45B539-32DB-4777-9498-23AC7EFFE7E3}"
EndProject
Global
	GlobalSection(SolutionConfigurationPlatforms) = preSolution
		Debug|Any CPU = Debug|Any CPU
		Release|Any CPU = Release|Any CPU
	EndGlobalSection
	GlobalSection(ProjectConfigurationPlatforms) = postSolution
		{CE45B539-32DB-4777-9498-23AC7EFFE7E3}.Debug|Any CPU.ActiveCfg = Debug|Any CPU
		{CE45B539-32DB-4777-9498-23AC7EFFE7E3}.Debug|Any CPU.Build.0 = Debug|Any CPU
		{CE45B539-32DB-4777-9498-23AC7EFFE7E3}.Release|Any CPU.ActiveCfg = Release|Any CPU
		{CE45B539-32DB-4777-9498-23AC7EFFE7E3}.Release|Any CPU.Build.0 = Release|Any CPU
	EndGlobalSection
	GlobalSection(SolutionProperties) = preSolution
		HideSolutionNode = FALSE
	EndGlobalSection
	GlobalSection(ExtensibilityGlobals) = postSolution
		SolutionGuid = {BE00A02F-D9A0-44C8-866C-35E71F635E3A}
	EndGlobalSection
EndGlobal
