
Microsoft Visual Studio Solution File, Format Version 12.00
# Visual Studio Version 17
VisualStudioVersion = 17.4.33103.184
MinimumVisualStudioVersion = 10.0.40219.1
Project("{FAE04EC0-301F-11D3-BF4B-00C04F79EFBC}") = "person2", "person2\person2.csproj", "{15ACD031-B6BD-45BC-81FC-D13EC6923D29}"
EndProject
Global
	GlobalSection(SolutionConfigurationPlatforms) = preSolution
		Debug|Any CPU = Debug|Any CPU
		Release|Any CPU = Release|Any CPU
	EndGlobalSection
	GlobalSection(ProjectConfigurationPlatforms) = postSolution
		{15ACD031-B6BD-45BC-81FC-D13EC6923D29}.Debug|Any CPU.ActiveCfg = Debug|Any CPU
		{15ACD031-B6BD-45BC-81FC-D13EC6923D29}.Debug|Any CPU.Build.0 = Debug|Any CPU
		{15ACD031-B6BD-45BC-81FC-D13EC6923D29}.Release|Any CPU.ActiveCfg = Release|Any CPU
		{15ACD031-B6BD-45BC-81FC-D13EC6923D29}.Release|Any CPU.Build.0 = Release|Any CPU
	EndGlobalSection
	GlobalSection(SolutionProperties) = preSolution
		HideSolutionNode = FALSE
	EndGlobalSection
	GlobalSection(ExtensibilityGlobals) = postSolution
		SolutionGuid = {A7A8AAFA-327D-456A-B810-A101FB41B1CD}
	EndGlobalSection
EndGlobal
